
Microsoft Visual Studio Solution File, Format Version 12.00
# Visual Studio 15
VisualStudioVersion = 15.0.28307.329
MinimumVisualStudioVersion = 10.0.40219.1
Project("{FAE04EC0-301F-11D3-BF4B-00C04F79EFBC}") = "Ante_proyecto", "Ante_proyecto\Ante_proyecto.csproj", "{090BE408-5EB7-497D-B474-25BA7B6F041B}"
EndProject
Global
	GlobalSection(SolutionConfigurationPlatforms) = preSolution
		Debug|Any CPU = Debug|Any CPU
		Release|Any CPU = Release|Any CPU
	EndGlobalSection
	GlobalSection(ProjectConfigurationPlatforms) = postSolution
		{090BE408-5EB7-497D-B474-25BA7B6F041B}.Debug|Any CPU.ActiveCfg = Debug|Any CPU
		{090BE408-5EB7-497D-B474-25BA7B6F041B}.Debug|Any CPU.Build.0 = Debug|Any CPU
		{090BE408-5EB7-497D-B474-25BA7B6F041B}.Release|Any CPU.ActiveCfg = Release|Any CPU
		{090BE408-5EB7-497D-B474-25BA7B6F041B}.Release|Any CPU.Build.0 = Release|Any CPU
	EndGlobalSection
	GlobalSection(SolutionProperties) = preSolution
		HideSolutionNode = FALSE
	EndGlobalSection
	GlobalSection(ExtensibilityGlobals) = postSolution
		SolutionGuid = {1E67FF9B-826E-4D2B-9B5D-F4DE06AD611C}
	EndGlobalSection
EndGlobal
